
Microsoft Visual Studio Solution File, Format Version 11.00
# Visual Studio 2010
Project("{FAE04EC0-301F-11D3-BF4B-00C04F79EFBC}") = "memwalker", "memwalker\memwalker.csproj", "{06182F68-247F-4531-81E5-4E3694169608}"
EndProject
Global
	GlobalSection(SolutionConfigurationPlatforms) = preSolution
		Debug|x64 = Debug|x64
		Debug|x86 = Debug|x86
		Release|x64 = Release|x64
		Release|x86 = Release|x86
	EndGlobalSection
	GlobalSection(ProjectConfigurationPlatforms) = postSolution
		{06182F68-247F-4531-81E5-4E3694169608}.Debug|x64.ActiveCfg = Debug|x64
		{06182F68-247F-4531-81E5-4E3694169608}.Debug|x64.Build.0 = Debug|x64
		{06182F68-247F-4531-81E5-4E3694169608}.Debug|x86.ActiveCfg = Release|x86
		{06182F68-247F-4531-81E5-4E3694169608}.Debug|x86.Build.0 = Release|x86
		{06182F68-247F-4531-81E5-4E3694169608}.Release|x64.ActiveCfg = Release|x86
		{06182F68-247F-4531-81E5-4E3694169608}.Release|x64.Build.0 = Release|x86
		{06182F68-247F-4531-81E5-4E3694169608}.Release|x86.ActiveCfg = Release|x86
		{06182F68-247F-4531-81E5-4E3694169608}.Release|x86.Build.0 = Release|x86
	EndGlobalSection
	GlobalSection(SolutionProperties) = preSolution
		HideSolutionNode = FALSE
	EndGlobalSection
EndGlobal
